
Microsoft Visual Studio Solution File, Format Version 12.00
# Visual Studio Version 16
VisualStudioVersion = 16.0.30804.86
MinimumVisualStudioVersion = 10.0.40219.1
Project("{FAE04EC0-301F-11D3-BF4B-00C04F79EFBC}") = "AbstractInCSharp", "AbstractInCSharp\AbstractInCSharp.csproj", "{C835E6FA-B07E-49F6-9BB8-6C37E36D1125}"
EndProject
Global
	GlobalSection(SolutionConfigurationPlatforms) = preSolution
		Debug|Any CPU = Debug|Any CPU
		Release|Any CPU = Release|Any CPU
	EndGlobalSection
	GlobalSection(ProjectConfigurationPlatforms) = postSolution
		{C835E6FA-B07E-49F6-9BB8-6C37E36D1125}.Debug|Any CPU.ActiveCfg = Debug|Any CPU
		{C835E6FA-B07E-49F6-9BB8-6C37E36D1125}.Debug|Any CPU.Build.0 = Debug|Any CPU
		{C835E6FA-B07E-49F6-9BB8-6C37E36D1125}.Release|Any CPU.ActiveCfg = Release|Any CPU
		{C835E6FA-B07E-49F6-9BB8-6C37E36D1125}.Release|Any CPU.Build.0 = Release|Any CPU
	EndGlobalSection
	GlobalSection(SolutionProperties) = preSolution
		HideSolutionNode = FALSE
	EndGlobalSection
	GlobalSection(ExtensibilityGlobals) = postSolution
		SolutionGuid = {1404551E-021F-4F23-B594-49F1BD7AD011}
	EndGlobalSection
EndGlobal
